
Microsoft Visual Studio Solution File, Format Version 12.00
# Visual Studio 15
VisualStudioVersion = 15.0.28307.329
MinimumVisualStudioVersion = 10.0.40219.1
Project("{9A19103F-16F7-4668-BE54-9A1E7A4F7556}") = "OOXMLComparer", "OOXMLComparer\OOXMLComparer.csproj", "{87867885-A3A7-438E-958E-FFCA791F141D}"
EndProject
Project("{9A19103F-16F7-4668-BE54-9A1E7A4F7556}") = "OOXMLComparer.Test", "OOXMLComparer.Test\OOXMLComparer.Test.csproj", "{1E3D5A62-7594-4648-A04D-016DAFD148F7}"
EndProject
Global
	GlobalSection(SolutionConfigurationPlatforms) = preSolution
		Debug|Any CPU = Debug|Any CPU
		Release|Any CPU = Release|Any CPU
	EndGlobalSection
	GlobalSection(ProjectConfigurationPlatforms) = postSolution
		{87867885-A3A7-438E-958E-FFCA791F141D}.Debug|Any CPU.ActiveCfg = Debug|Any CPU
		{87867885-A3A7-438E-958E-FFCA791F141D}.Debug|Any CPU.Build.0 = Debug|Any CPU
		{87867885-A3A7-438E-958E-FFCA791F141D}.Release|Any CPU.ActiveCfg = Release|Any CPU
		{87867885-A3A7-438E-958E-FFCA791F141D}.Release|Any CPU.Build.0 = Release|Any CPU
		{1E3D5A62-7594-4648-A04D-016DAFD148F7}.Debug|Any CPU.ActiveCfg = Debug|Any CPU
		{1E3D5A62-7594-4648-A04D-016DAFD148F7}.Debug|Any CPU.Build.0 = Debug|Any CPU
		{1E3D5A62-7594-4648-A04D-016DAFD148F7}.Release|Any CPU.ActiveCfg = Release|Any CPU
		{1E3D5A62-7594-4648-A04D-016DAFD148F7}.Release|Any CPU.Build.0 = Release|Any CPU
	EndGlobalSection
	GlobalSection(SolutionProperties) = preSolution
		HideSolutionNode = FALSE
	EndGlobalSection
	GlobalSection(ExtensibilityGlobals) = postSolution
		SolutionGuid = {A06C0516-4A23-4B6E-BED4-A55AC71613E5}
	EndGlobalSection
EndGlobal
